// !$*UTF8*$!
{
	archiveVersion = 1;
	classes = {
	};
	objectVersion = 55;
	objects = {

/* Begin PBXBuildFile section */
		6AC53838D4B9E66E09E7BA09 /* Pods_DogBreeds.framework in Frameworks */ = {isa = PBXBuildFile; fileRef = 6D665F4B4EBE1DB97678F633 /* Pods_DogBreeds.framework */; };
		CE8077B127D0BCBE00AFA78B /* DataStorage.swift in Sources */ = {isa = PBXBuildFile; fileRef = CE8077B027D0BCBE00AFA78B /* DataStorage.swift */; };
		CE8077B427D0BD8400AFA78B /* FavoriteBreedsStorage.swift in Sources */ = {isa = PBXBuildFile; fileRef = CE8077B327D0BD8400AFA78B /* FavoriteBreedsStorage.swift */; };
		CE8077B927D0CAA400AFA78B /* FavoriteImagesListViewController.swift in Sources */ = {isa = PBXBuildFile; fileRef = CE8077B827D0CAA400AFA78B /* FavoriteImagesListViewController.swift */; };
		CE8077BB27D0CB0100AFA78B /* FavoriteImagesListViewController.xib in Resources */ = {isa = PBXBuildFile; fileRef = CE8077BA27D0CB0100AFA78B /* FavoriteImagesListViewController.xib */; };
		CEDE5B9027CFDF7B0036B6C2 /* AppDelegate.swift in Sources */ = {isa = PBXBuildFile; fileRef = CEDE5B8F27CFDF7B0036B6C2 /* AppDelegate.swift */; };
		CEDE5B9927CFDF7E0036B6C2 /* Assets.xcassets in Resources */ = {isa = PBXBuildFile; fileRef = CEDE5B9827CFDF7E0036B6C2 /* Assets.xcassets */; };
		CEDE5B9C27CFDF7E0036B6C2 /* LaunchScreen.storyboard in Resources */ = {isa = PBXBuildFile; fileRef = CEDE5B9A27CFDF7E0036B6C2 /* LaunchScreen.storyboard */; };
		CEDE5BA427CFDFA90036B6C2 /* AppViewController.swift in Sources */ = {isa = PBXBuildFile; fileRef = CEDE5BA327CFDFA90036B6C2 /* AppViewController.swift */; };
		CEDE5BA827CFDFE40036B6C2 /* FavoriteImagesViewController.swift in Sources */ = {isa = PBXBuildFile; fileRef = CEDE5BA727CFDFE40036B6C2 /* FavoriteImagesViewController.swift */; };
		CEDE5BAB27CFDFFD0036B6C2 /* DogBreedsListViewController.swift in Sources */ = {isa = PBXBuildFile; fileRef = CEDE5BAA27CFDFFD0036B6C2 /* DogBreedsListViewController.swift */; };
		CEDE5BAE27CFE0210036B6C2 /* ScrollStackViewController.swift in Sources */ = {isa = PBXBuildFile; fileRef = CEDE5BAD27CFE0200036B6C2 /* ScrollStackViewController.swift */; };
		CEDE5BB027CFE0320036B6C2 /* ScrollView.swift in Sources */ = {isa = PBXBuildFile; fileRef = CEDE5BAF27CFE0320036B6C2 /* ScrollView.swift */; };
		CEDE5BB327CFE04A0036B6C2 /* LayoutGuide.swift in Sources */ = {isa = PBXBuildFile; fileRef = CEDE5BB227CFE04A0036B6C2 /* LayoutGuide.swift */; };
		CEDE5BB727CFE47D0036B6C2 /* ApiClient.swift in Sources */ = {isa = PBXBuildFile; fileRef = CEDE5BB627CFE47D0036B6C2 /* ApiClient.swift */; };
		CEDE5BB927CFE5710036B6C2 /* Endpoint.swift in Sources */ = {isa = PBXBuildFile; fileRef = CEDE5BB827CFE5710036B6C2 /* Endpoint.swift */; };
		CEDE5BBC27CFE8AF0036B6C2 /* Encoder.swift in Sources */ = {isa = PBXBuildFile; fileRef = CEDE5BBB27CFE8AF0036B6C2 /* Encoder.swift */; };
		CEDE5BBE27CFE8D80036B6C2 /* URLRequest+HTTP.swift in Sources */ = {isa = PBXBuildFile; fileRef = CEDE5BBD27CFE8D80036B6C2 /* URLRequest+HTTP.swift */; };
		CEDE5BC127CFE9380036B6C2 /* BaseEndpoint.swift in Sources */ = {isa = PBXBuildFile; fileRef = CEDE5BC027CFE9380036B6C2 /* BaseEndpoint.swift */; };
		CEDE5BC327CFE9940036B6C2 /* BreedsListEndpoint.swift in Sources */ = {isa = PBXBuildFile; fileRef = CEDE5BC227CFE9940036B6C2 /* BreedsListEndpoint.swift */; };
		CEDE5BC527CFEA4C0036B6C2 /* ApiRequestAdapter.swift in Sources */ = {isa = PBXBuildFile; fileRef = CEDE5BC427CFEA4C0036B6C2 /* ApiRequestAdapter.swift */; };
		CEDE5BC827CFEF330036B6C2 /* BreedsService.swift in Sources */ = {isa = PBXBuildFile; fileRef = CEDE5BC727CFEF330036B6C2 /* BreedsService.swift */; };
		CEDE5BCB27CFEFE50036B6C2 /* Result.swift in Sources */ = {isa = PBXBuildFile; fileRef = CEDE5BCA27CFEFE50036B6C2 /* Result.swift */; };
		CEDE5BCD27CFF0AB0036B6C2 /* ApiService.swift in Sources */ = {isa = PBXBuildFile; fileRef = CEDE5BCC27CFF0AB0036B6C2 /* ApiService.swift */; };
		CEDE5BD027CFF55A0036B6C2 /* BreedNameView.swift in Sources */ = {isa = PBXBuildFile; fileRef = CEDE5BCF27CFF55A0036B6C2 /* BreedNameView.swift */; };
		CEDE5BD627D0088B0036B6C2 /* BreedImagesViewController.swift in Sources */ = {isa = PBXBuildFile; fileRef = CEDE5BD527D0088B0036B6C2 /* BreedImagesViewController.swift */; };
		CEDE5BD827D00B480036B6C2 /* NibLoadable.swift in Sources */ = {isa = PBXBuildFile; fileRef = CEDE5BD727D00B480036B6C2 /* NibLoadable.swift */; };
		CEDE5BDB27D00C630036B6C2 /* SpinnerViewController.swift in Sources */ = {isa = PBXBuildFile; fileRef = CEDE5BDA27D00C630036B6C2 /* SpinnerViewController.swift */; };
		CEDE5BDD27D00D100036B6C2 /* SpinnerViewController.xib in Resources */ = {isa = PBXBuildFile; fileRef = CEDE5BDC27D00D100036B6C2 /* SpinnerViewController.xib */; };
		CEDE5BDF27D00E400036B6C2 /* Loadable.swift in Sources */ = {isa = PBXBuildFile; fileRef = CEDE5BDE27D00E400036B6C2 /* Loadable.swift */; };
		CEDE5BE127D010D00036B6C2 /* BreedImagesEndpoint.swift in Sources */ = {isa = PBXBuildFile; fileRef = CEDE5BE027D010D00036B6C2 /* BreedImagesEndpoint.swift */; };
		CEDE5BE427D0190F0036B6C2 /* BreedImageCollectionViewCell.xib in Resources */ = {isa = PBXBuildFile; fileRef = CEDE5BE327D0190F0036B6C2 /* BreedImageCollectionViewCell.xib */; };
		CEDE5BE627D01A230036B6C2 /* BreedImageCollectionViewCell.swift in Sources */ = {isa = PBXBuildFile; fileRef = CEDE5BE527D01A230036B6C2 /* BreedImageCollectionViewCell.swift */; };
		CEDE5BE827D01DCB0036B6C2 /* BreedImagesViewController.xib in Resources */ = {isa = PBXBuildFile; fileRef = CEDE5BE727D01DCB0036B6C2 /* BreedImagesViewController.xib */; };
		CEDE5BEA27D029030036B6C2 /* BreedImagesContainerViewController.swift in Sources */ = {isa = PBXBuildFile; fileRef = CEDE5BE927D029030036B6C2 /* BreedImagesContainerViewController.swift */; };
/* End PBXBuildFile section */

/* Begin PBXFileReference section */
		2DB99C238E922953AAE7DA26 /* Pods-DogBreeds.debug.xcconfig */ = {isa = PBXFileReference; includeInIndex = 1; lastKnownFileType = text.xcconfig; name = "Pods-DogBreeds.debug.xcconfig"; path = "Target Support Files/Pods-DogBreeds/Pods-DogBreeds.debug.xcconfig"; sourceTree = "<group>"; };
		6D665F4B4EBE1DB97678F633 /* Pods_DogBreeds.framework */ = {isa = PBXFileReference; explicitFileType = wrapper.framework; includeInIndex = 0; path = Pods_DogBreeds.framework; sourceTree = BUILT_PRODUCTS_DIR; };
		CE8077B027D0BCBE00AFA78B /* DataStorage.swift */ = {isa = PBXFileReference; lastKnownFileType = sourcecode.swift; path = DataStorage.swift; sourceTree = "<group>"; };
		CE8077B327D0BD8400AFA78B /* FavoriteBreedsStorage.swift */ = {isa = PBXFileReference; lastKnownFileType = sourcecode.swift; path = FavoriteBreedsStorage.swift; sourceTree = "<group>"; };
		CE8077B827D0CAA400AFA78B /* FavoriteImagesListViewController.swift */ = {isa = PBXFileReference; lastKnownFileType = sourcecode.swift; path = FavoriteImagesListViewController.swift; sourceTree = "<group>"; };
		CE8077BA27D0CB0100AFA78B /* FavoriteImagesListViewController.xib */ = {isa = PBXFileReference; lastKnownFileType = file.xib; path = FavoriteImagesListViewController.xib; sourceTree = "<group>"; };
		CEDE5B8C27CFDF7B0036B6C2 /* DogBreeds.app */ = {isa = PBXFileReference; explicitFileType = wrapper.application; includeInIndex = 0; path = DogBreeds.app; sourceTree = BUILT_PRODUCTS_DIR; };
		CEDE5B8F27CFDF7B0036B6C2 /* AppDelegate.swift */ = {isa = PBXFileReference; lastKnownFileType = sourcecode.swift; path = AppDelegate.swift; sourceTree = "<group>"; };
		CEDE5B9827CFDF7E0036B6C2 /* Assets.xcassets */ = {isa = PBXFileReference; lastKnownFileType = folder.assetcatalog; path = Assets.xcassets; sourceTree = "<group>"; };
		CEDE5B9B27CFDF7E0036B6C2 /* Base */ = {isa = PBXFileReference; lastKnownFileType = file.storyboard; name = Base; path = Base.lproj/LaunchScreen.storyboard; sourceTree = "<group>"; };
		CEDE5B9D27CFDF7E0036B6C2 /* Info.plist */ = {isa = PBXFileReference; lastKnownFileType = text.plist.xml; path = Info.plist; sourceTree = "<group>"; };
		CEDE5BA327CFDFA90036B6C2 /* AppViewController.swift */ = {isa = PBXFileReference; lastKnownFileType = sourcecode.swift; path = AppViewController.swift; sourceTree = "<group>"; };
		CEDE5BA727CFDFE40036B6C2 /* FavoriteImagesViewController.swift */ = {isa = PBXFileReference; lastKnownFileType = sourcecode.swift; path = FavoriteImagesViewController.swift; sourceTree = "<group>"; };
		CEDE5BAA27CFDFFD0036B6C2 /* DogBreedsListViewController.swift */ = {isa = PBXFileReference; lastKnownFileType = sourcecode.swift; path = DogBreedsListViewController.swift; sourceTree = "<group>"; };
		CEDE5BAD27CFE0200036B6C2 /* ScrollStackViewController.swift */ = {isa = PBXFileReference; lastKnownFileType = sourcecode.swift; path = ScrollStackViewController.swift; sourceTree = "<group>"; };
		CEDE5BAF27CFE0320036B6C2 /* ScrollView.swift */ = {isa = PBXFileReference; lastKnownFileType = sourcecode.swift; path = ScrollView.swift; sourceTree = "<group>"; };
		CEDE5BB227CFE04A0036B6C2 /* LayoutGuide.swift */ = {isa = PBXFileReference; lastKnownFileType = sourcecode.swift; path = LayoutGuide.swift; sourceTree = "<group>"; };
		CEDE5BB627CFE47D0036B6C2 /* ApiClient.swift */ = {isa = PBXFileReference; lastKnownFileType = sourcecode.swift; path = ApiClient.swift; sourceTree = "<group>"; };
		CEDE5BB827CFE5710036B6C2 /* Endpoint.swift */ = {isa = PBXFileReference; lastKnownFileType = sourcecode.swift; path = Endpoint.swift; sourceTree = "<group>"; };
		CEDE5BBB27CFE8AF0036B6C2 /* Encoder.swift */ = {isa = PBXFileReference; lastKnownFileType = sourcecode.swift; path = Encoder.swift; sourceTree = "<group>"; };
		CEDE5BBD27CFE8D80036B6C2 /* URLRequest+HTTP.swift */ = {isa = PBXFileReference; lastKnownFileType = sourcecode.swift; path = "URLRequest+HTTP.swift"; sourceTree = "<group>"; };
		CEDE5BC027CFE9380036B6C2 /* BaseEndpoint.swift */ = {isa = PBXFileReference; lastKnownFileType = sourcecode.swift; path = BaseEndpoint.swift; sourceTree = "<group>"; };
		CEDE5BC227CFE9940036B6C2 /* BreedsListEndpoint.swift */ = {isa = PBXFileReference; lastKnownFileType = sourcecode.swift; path = BreedsListEndpoint.swift; sourceTree = "<group>"; };
		CEDE5BC427CFEA4C0036B6C2 /* ApiRequestAdapter.swift */ = {isa = PBXFileReference; lastKnownFileType = sourcecode.swift; path = ApiRequestAdapter.swift; sourceTree = "<group>"; };
		CEDE5BC727CFEF330036B6C2 /* BreedsService.swift */ = {isa = PBXFileReference; lastKnownFileType = sourcecode.swift; path = BreedsService.swift; sourceTree = "<group>"; };
		CEDE5BCA27CFEFE50036B6C2 /* Result.swift */ = {isa = PBXFileReference; lastKnownFileType = sourcecode.swift; path = Result.swift; sourceTree = "<group>"; };
		CEDE5BCC27CFF0AB0036B6C2 /* ApiService.swift */ = {isa = PBXFileReference; lastKnownFileType = sourcecode.swift; path = ApiService.swift; sourceTree = "<group>"; };
		CEDE5BCF27CFF55A0036B6C2 /* BreedNameView.swift */ = {isa = PBXFileReference; lastKnownFileType = sourcecode.swift; path = BreedNameView.swift; sourceTree = "<group>"; };
		CEDE5BD527D0088B0036B6C2 /* BreedImagesViewController.swift */ = {isa = PBXFileReference; lastKnownFileType = sourcecode.swift; path = BreedImagesViewController.swift; sourceTree = "<group>"; };
		CEDE5BD727D00B480036B6C2 /* NibLoadable.swift */ = {isa = PBXFileReference; lastKnownFileType = sourcecode.swift; path = NibLoadable.swift; sourceTree = "<group>"; };
		CEDE5BDA27D00C630036B6C2 /* SpinnerViewController.swift */ = {isa = PBXFileReference; lastKnownFileType = sourcecode.swift; path = SpinnerViewController.swift; sourceTree = "<group>"; };
		CEDE5BDC27D00D100036B6C2 /* SpinnerViewController.xib */ = {isa = PBXFileReference; lastKnownFileType = file.xib; path = SpinnerViewController.xib; sourceTree = "<group>"; };
		CEDE5BDE27D00E400036B6C2 /* Loadable.swift */ = {isa = PBXFileReference; lastKnownFileType = sourcecode.swift; path = Loadable.swift; sourceTree = "<group>"; };
		CEDE5BE027D010D00036B6C2 /* BreedImagesEndpoint.swift */ = {isa = PBXFileReference; lastKnownFileType = sourcecode.swift; path = BreedImagesEndpoint.swift; sourceTree = "<group>"; };
		CEDE5BE327D0190F0036B6C2 /* BreedImageCollectionViewCell.xib */ = {isa = PBXFileReference; lastKnownFileType = file.xib; path = BreedImageCollectionViewCell.xib; sourceTree = "<group>"; };
		CEDE5BE527D01A230036B6C2 /* BreedImageCollectionViewCell.swift */ = {isa = PBXFileReference; lastKnownFileType = sourcecode.swift; path = BreedImageCollectionViewCell.swift; sourceTree = "<group>"; };
		CEDE5BE727D01DCB0036B6C2 /* BreedImagesViewController.xib */ = {isa = PBXFileReference; lastKnownFileType = file.xib; path = BreedImagesViewController.xib; sourceTree = "<group>"; };
		CEDE5BE927D029030036B6C2 /* BreedImagesContainerViewController.swift */ = {isa = PBXFileReference; lastKnownFileType = sourcecode.swift; path = BreedImagesContainerViewController.swift; sourceTree = "<group>"; };
		EBB56409AF91871A16406780 /* Pods-DogBreeds.release.xcconfig */ = {isa = PBXFileReference; includeInIndex = 1; lastKnownFileType = text.xcconfig; name = "Pods-DogBreeds.release.xcconfig"; path = "Target Support Files/Pods-DogBreeds/Pods-DogBreeds.release.xcconfig"; sourceTree = "<group>"; };
/* End PBXFileReference section */

/* Begin PBXFrameworksBuildPhase section */
		CEDE5B8927CFDF7B0036B6C2 /* Frameworks */ = {
			isa = PBXFrameworksBuildPhase;
			buildActionMask = 2147483647;
			files = (
				6AC53838D4B9E66E09E7BA09 /* Pods_DogBreeds.framework in Frameworks */,
			);
			runOnlyForDeploymentPostprocessing = 0;
		};
/* End PBXFrameworksBuildPhase section */

/* Begin PBXGroup section */
		21C5D2C0F21E992A85884D10 /* Pods */ = {
			isa = PBXGroup;
			children = (
				2DB99C238E922953AAE7DA26 /* Pods-DogBreeds.debug.xcconfig */,
				EBB56409AF91871A16406780 /* Pods-DogBreeds.release.xcconfig */,
			);
			path = Pods;
			sourceTree = "<group>";
		};
		92A1665210BE33A7C8557478 /* Frameworks */ = {
			isa = PBXGroup;
			children = (
				6D665F4B4EBE1DB97678F633 /* Pods_DogBreeds.framework */,
			);
			name = Frameworks;
			sourceTree = "<group>";
		};
		CE8077AE27D0BC7300AFA78B /* Business Logic */ = {
			isa = PBXGroup;
			children = (
				CE8077AF27D0BC8D00AFA78B /* Storage */,
			);
			path = "Business Logic";
			sourceTree = "<group>";
		};
		CE8077AF27D0BC8D00AFA78B /* Storage */ = {
			isa = PBXGroup;
			children = (
				CE8077B227D0BD6600AFA78B /* FavoriteBreeds */,
				CE8077B027D0BCBE00AFA78B /* DataStorage.swift */,
			);
			path = Storage;
			sourceTree = "<group>";
		};
		CE8077B227D0BD6600AFA78B /* FavoriteBreeds */ = {
			isa = PBXGroup;
			children = (
				CE8077B327D0BD8400AFA78B /* FavoriteBreedsStorage.swift */,
			);
			path = FavoriteBreeds;
			sourceTree = "<group>";
		};
		CE8077B527D0CA1C00AFA78B /* ViewController */ = {
			isa = PBXGroup;
			children = (
				CE8077B827D0CAA400AFA78B /* FavoriteImagesListViewController.swift */,
				CE8077BA27D0CB0100AFA78B /* FavoriteImagesListViewController.xib */,
			);
			path = ViewController;
			sourceTree = "<group>";
		};
		CEDE5B8327CFDF7B0036B6C2 = {
			isa = PBXGroup;
			children = (
				CEDE5B8E27CFDF7B0036B6C2 /* DogBreeds */,
				CEDE5B8D27CFDF7B0036B6C2 /* Products */,
				21C5D2C0F21E992A85884D10 /* Pods */,
				92A1665210BE33A7C8557478 /* Frameworks */,
			);
			sourceTree = "<group>";
		};
		CEDE5B8D27CFDF7B0036B6C2 /* Products */ = {
			isa = PBXGroup;
			children = (
				CEDE5B8C27CFDF7B0036B6C2 /* DogBreeds.app */,
			);
			name = Products;
			sourceTree = "<group>";
		};
		CEDE5B8E27CFDF7B0036B6C2 /* DogBreeds */ = {
			isa = PBXGroup;
			children = (
				CE8077AE27D0BC7300AFA78B /* Business Logic */,
				CEDE5BB427CFE4570036B6C2 /* API */,
				CEDE5BA527CFDFC30036B6C2 /* Presentation */,
				CEDE5B8F27CFDF7B0036B6C2 /* AppDelegate.swift */,
				CEDE5B9827CFDF7E0036B6C2 /* Assets.xcassets */,
				CEDE5B9A27CFDF7E0036B6C2 /* LaunchScreen.storyboard */,
				CEDE5B9D27CFDF7E0036B6C2 /* Info.plist */,
				CEDE5BA327CFDFA90036B6C2 /* AppViewController.swift */,
			);
			path = DogBreeds;
			sourceTree = "<group>";
		};
		CEDE5BA527CFDFC30036B6C2 /* Presentation */ = {
			isa = PBXGroup;
			children = (
				CEDE5BAC27CFE0120036B6C2 /* Common */,
				CEDE5BA927CFDFED0036B6C2 /* DogBreedsList */,
				CEDE5BA627CFDFD30036B6C2 /* FavoriteImages */,
			);
			path = Presentation;
			sourceTree = "<group>";
		};
		CEDE5BA627CFDFD30036B6C2 /* FavoriteImages */ = {
			isa = PBXGroup;
			children = (
				CE8077B527D0CA1C00AFA78B /* ViewController */,
				CEDE5BA727CFDFE40036B6C2 /* FavoriteImagesViewController.swift */,
			);
			path = FavoriteImages;
			sourceTree = "<group>";
		};
		CEDE5BA927CFDFED0036B6C2 /* DogBreedsList */ = {
			isa = PBXGroup;
			children = (
				CEDE5BD327D008470036B6C2 /* ViewController */,
				CEDE5BCE27CFF5390036B6C2 /* View */,
				CEDE5BAA27CFDFFD0036B6C2 /* DogBreedsListViewController.swift */,
			);
			path = DogBreedsList;
			sourceTree = "<group>";
		};
		CEDE5BAC27CFE0120036B6C2 /* Common */ = {
			isa = PBXGroup;
			children = (
				CEDE5BD927D00C550036B6C2 /* ViewController */,
				CEDE5BB127CFE03C0036B6C2 /* Utility */,
				CEDE5BAD27CFE0200036B6C2 /* ScrollStackViewController.swift */,
				CEDE5BAF27CFE0320036B6C2 /* ScrollView.swift */,
			);
			path = Common;
			sourceTree = "<group>";
		};
		CEDE5BB127CFE03C0036B6C2 /* Utility */ = {
			isa = PBXGroup;
			children = (
				CEDE5BB227CFE04A0036B6C2 /* LayoutGuide.swift */,
				CEDE5BD727D00B480036B6C2 /* NibLoadable.swift */,
				CEDE5BDE27D00E400036B6C2 /* Loadable.swift */,
			);
			path = Utility;
			sourceTree = "<group>";
		};
		CEDE5BB427CFE4570036B6C2 /* API */ = {
			isa = PBXGroup;
			children = (
				CEDE5BC627CFEF260036B6C2 /* Service */,
				CEDE5BBA27CFE8930036B6C2 /* Utility */,
				CEDE5BB527CFE45F0036B6C2 /* Endpoints */,
				CEDE5BB627CFE47D0036B6C2 /* ApiClient.swift */,
				CEDE5BC427CFEA4C0036B6C2 /* ApiRequestAdapter.swift */,
			);
			path = API;
			sourceTree = "<group>";
		};
		CEDE5BB527CFE45F0036B6C2 /* Endpoints */ = {
			isa = PBXGroup;
			children = (
				CEDE5BBF27CFE8F30036B6C2 /* Base */,
				CEDE5BC227CFE9940036B6C2 /* BreedsListEndpoint.swift */,
				CEDE5BE027D010D00036B6C2 /* BreedImagesEndpoint.swift */,
			);
			path = Endpoints;
			sourceTree = "<group>";
		};
		CEDE5BBA27CFE8930036B6C2 /* Utility */ = {
			isa = PBXGroup;
			children = (
				CEDE5BBB27CFE8AF0036B6C2 /* Encoder.swift */,
				CEDE5BBD27CFE8D80036B6C2 /* URLRequest+HTTP.swift */,
			);
			path = Utility;
			sourceTree = "<group>";
		};
		CEDE5BBF27CFE8F30036B6C2 /* Base */ = {
			isa = PBXGroup;
			children = (
				CEDE5BB827CFE5710036B6C2 /* Endpoint.swift */,
				CEDE5BC027CFE9380036B6C2 /* BaseEndpoint.swift */,
			);
			path = Base;
			sourceTree = "<group>";
		};
		CEDE5BC627CFEF260036B6C2 /* Service */ = {
			isa = PBXGroup;
			children = (
				CEDE5BC927CFEFC50036B6C2 /* Helper */,
				CEDE5BC727CFEF330036B6C2 /* BreedsService.swift */,
				CEDE5BCC27CFF0AB0036B6C2 /* ApiService.swift */,
			);
			path = Service;
			sourceTree = "<group>";
		};
		CEDE5BC927CFEFC50036B6C2 /* Helper */ = {
			isa = PBXGroup;
			children = (
				CEDE5BCA27CFEFE50036B6C2 /* Result.swift */,
			);
			path = Helper;
			sourceTree = "<group>";
		};
		CEDE5BCE27CFF5390036B6C2 /* View */ = {
			isa = PBXGroup;
			children = (
				CEDE5BCF27CFF55A0036B6C2 /* BreedNameView.swift */,
			);
			path = View;
			sourceTree = "<group>";
		};
		CEDE5BD327D008470036B6C2 /* ViewController */ = {
			isa = PBXGroup;
			children = (
				CEDE5BD427D0086E0036B6C2 /* BreedImages */,
			);
			path = ViewController;
			sourceTree = "<group>";
		};
		CEDE5BD427D0086E0036B6C2 /* BreedImages */ = {
			isa = PBXGroup;
			children = (
				CEDE5BE227D018B80036B6C2 /* Cell */,
				CEDE5BD527D0088B0036B6C2 /* BreedImagesViewController.swift */,
				CEDE5BE727D01DCB0036B6C2 /* BreedImagesViewController.xib */,
				CEDE5BE927D029030036B6C2 /* BreedImagesContainerViewController.swift */,
			);
			path = BreedImages;
			sourceTree = "<group>";
		};
		CEDE5BD927D00C550036B6C2 /* ViewController */ = {
			isa = PBXGroup;
			children = (
				CEDE5BDA27D00C630036B6C2 /* SpinnerViewController.swift */,
				CEDE5BDC27D00D100036B6C2 /* SpinnerViewController.xib */,
			);
			path = ViewController;
			sourceTree = "<group>";
		};
		CEDE5BE227D018B80036B6C2 /* Cell */ = {
			isa = PBXGroup;
			children = (
				CEDE5BE327D0190F0036B6C2 /* BreedImageCollectionViewCell.xib */,
				CEDE5BE527D01A230036B6C2 /* BreedImageCollectionViewCell.swift */,
			);
			path = Cell;
			sourceTree = "<group>";
		};
/* End PBXGroup section */

/* Begin PBXNativeTarget section */
		CEDE5B8B27CFDF7B0036B6C2 /* DogBreeds */ = {
			isa = PBXNativeTarget;
			buildConfigurationList = CEDE5BA027CFDF7E0036B6C2 /* Build configuration list for PBXNativeTarget "DogBreeds" */;
			buildPhases = (
				81DD5C9FB8BFC7E5FAA39952 /* [CP] Check Pods Manifest.lock */,
				CEDE5B8827CFDF7B0036B6C2 /* Sources */,
				CEDE5B8927CFDF7B0036B6C2 /* Frameworks */,
				CEDE5B8A27CFDF7B0036B6C2 /* Resources */,
				51E53AF5613F83D529CF0EA3 /* [CP] Embed Pods Frameworks */,
			);
			buildRules = (
			);
			dependencies = (
			);
			name = DogBreeds;
			productName = DogBreeds;
			productReference = CEDE5B8C27CFDF7B0036B6C2 /* DogBreeds.app */;
			productType = "com.apple.product-type.application";
		};
/* End PBXNativeTarget section */

/* Begin PBXProject section */
		CEDE5B8427CFDF7B0036B6C2 /* Project object */ = {
			isa = PBXProject;
			attributes = {
				BuildIndependentTargetsInParallel = 1;
				LastSwiftUpdateCheck = 1320;
				LastUpgradeCheck = 1320;
				TargetAttributes = {
					CEDE5B8B27CFDF7B0036B6C2 = {
						CreatedOnToolsVersion = 13.2.1;
					};
				};
			};
			buildConfigurationList = CEDE5B8727CFDF7B0036B6C2 /* Build configuration list for PBXProject "DogBreeds" */;
			compatibilityVersion = "Xcode 13.0";
			developmentRegion = en;
			hasScannedForEncodings = 0;
			knownRegions = (
				en,
				Base,
			);
			mainGroup = CEDE5B8327CFDF7B0036B6C2;
			productRefGroup = CEDE5B8D27CFDF7B0036B6C2 /* Products */;
			projectDirPath = "";
			projectRoot = "";
			targets = (
				CEDE5B8B27CFDF7B0036B6C2 /* DogBreeds */,
			);
		};
/* End PBXProject section */

/* Begin PBXResourcesBuildPhase section */
		CEDE5B8A27CFDF7B0036B6C2 /* Resources */ = {
			isa = PBXResourcesBuildPhase;
			buildActionMask = 2147483647;
			files = (
				CEDE5BDD27D00D100036B6C2 /* SpinnerViewController.xib in Resources */,
				CEDE5BE827D01DCB0036B6C2 /* BreedImagesViewController.xib in Resources */,
				CEDE5B9C27CFDF7E0036B6C2 /* LaunchScreen.storyboard in Resources */,
				CEDE5BE427D0190F0036B6C2 /* BreedImageCollectionViewCell.xib in Resources */,
				CE8077BB27D0CB0100AFA78B /* FavoriteImagesListViewController.xib in Resources */,
				CEDE5B9927CFDF7E0036B6C2 /* Assets.xcassets in Resources */,
			);
			runOnlyForDeploymentPostprocessing = 0;
		};
/* End PBXResourcesBuildPhase section */

/* Begin PBXShellScriptBuildPhase section */
		51E53AF5613F83D529CF0EA3 /* [CP] Embed Pods Frameworks */ = {
			isa = PBXShellScriptBuildPhase;
			buildActionMask = 2147483647;
			files = (
			);
			inputFileListPaths = (
				"${PODS_ROOT}/Target Support Files/Pods-DogBreeds/Pods-DogBreeds-frameworks-${CONFIGURATION}-input-files.xcfilelist",
			);
			name = "[CP] Embed Pods Frameworks";
			outputFileListPaths = (
				"${PODS_ROOT}/Target Support Files/Pods-DogBreeds/Pods-DogBreeds-frameworks-${CONFIGURATION}-output-files.xcfilelist",
			);
			runOnlyForDeploymentPostprocessing = 0;
			shellPath = /bin/sh;
			shellScript = "\"${PODS_ROOT}/Target Support Files/Pods-DogBreeds/Pods-DogBreeds-frameworks.sh\"\n";
			showEnvVarsInLog = 0;
		};
		81DD5C9FB8BFC7E5FAA39952 /* [CP] Check Pods Manifest.lock */ = {
			isa = PBXShellScriptBuildPhase;
			buildActionMask = 2147483647;
			files = (
			);
			inputFileListPaths = (
			);
			inputPaths = (
				"${PODS_PODFILE_DIR_PATH}/Podfile.lock",
				"${PODS_ROOT}/Manifest.lock",
			);
			name = "[CP] Check Pods Manifest.lock";
			outputFileListPaths = (
			);
			outputPaths = (
				"$(DERIVED_FILE_DIR)/Pods-DogBreeds-checkManifestLockResult.txt",
			);
			runOnlyForDeploymentPostprocessing = 0;
			shellPath = /bin/sh;
			shellScript = "diff \"${PODS_PODFILE_DIR_PATH}/Podfile.lock\" \"${PODS_ROOT}/Manifest.lock\" > /dev/null\nif [ $? != 0 ] ; then\n    # print error to STDERR\n    echo \"error: The sandbox is not in sync with the Podfile.lock. Run 'pod install' or update your CocoaPods installation.\" >&2\n    exit 1\nfi\n# This output is used by Xcode 'outputs' to avoid re-running this script phase.\necho \"SUCCESS\" > \"${SCRIPT_OUTPUT_FILE_0}\"\n";
			showEnvVarsInLog = 0;
		};
/* End PBXShellScriptBuildPhase section */

/* Begin PBXSourcesBuildPhase section */
		CEDE5B8827CFDF7B0036B6C2 /* Sources */ = {
			isa = PBXSourcesBuildPhase;
			buildActionMask = 2147483647;
			files = (
				CEDE5BA827CFDFE40036B6C2 /* FavoriteImagesViewController.swift in Sources */,
				CEDE5BD627D0088B0036B6C2 /* BreedImagesViewController.swift in Sources */,
				CEDE5BEA27D029030036B6C2 /* BreedImagesContainerViewController.swift in Sources */,
				CEDE5BC127CFE9380036B6C2 /* BaseEndpoint.swift in Sources */,
				CEDE5BCD27CFF0AB0036B6C2 /* ApiService.swift in Sources */,
				CEDE5BB927CFE5710036B6C2 /* Endpoint.swift in Sources */,
				CEDE5BBC27CFE8AF0036B6C2 /* Encoder.swift in Sources */,
				CEDE5BA427CFDFA90036B6C2 /* AppViewController.swift in Sources */,
				CEDE5BD027CFF55A0036B6C2 /* BreedNameView.swift in Sources */,
				CE8077B127D0BCBE00AFA78B /* DataStorage.swift in Sources */,
				CE8077B927D0CAA400AFA78B /* FavoriteImagesListViewController.swift in Sources */,
				CEDE5BC827CFEF330036B6C2 /* BreedsService.swift in Sources */,
				CEDE5BCB27CFEFE50036B6C2 /* Result.swift in Sources */,
				CEDE5BB327CFE04A0036B6C2 /* LayoutGuide.swift in Sources */,
				CEDE5BBE27CFE8D80036B6C2 /* URLRequest+HTTP.swift in Sources */,
				CEDE5BB727CFE47D0036B6C2 /* ApiClient.swift in Sources */,
				CEDE5BD827D00B480036B6C2 /* NibLoadable.swift in Sources */,
				CEDE5BAB27CFDFFD0036B6C2 /* DogBreedsListViewController.swift in Sources */,
				CEDE5B9027CFDF7B0036B6C2 /* AppDelegate.swift in Sources */,
				CEDE5BE127D010D00036B6C2 /* BreedImagesEndpoint.swift in Sources */,
				CEDE5BC327CFE9940036B6C2 /* BreedsListEndpoint.swift in Sources */,
				CE8077B427D0BD8400AFA78B /* FavoriteBreedsStorage.swift in Sources */,
				CEDE5BAE27CFE0210036B6C2 /* ScrollStackViewController.swift in Sources */,
				CEDE5BC527CFEA4C0036B6C2 /* ApiRequestAdapter.swift in Sources */,
				CEDE5BDF27D00E400036B6C2 /* Loadable.swift in Sources */,
				CEDE5BE627D01A230036B6C2 /* BreedImageCollectionViewCell.swift in Sources */,
				CEDE5BDB27D00C630036B6C2 /* SpinnerViewController.swift in Sources */,
				CEDE5BB027CFE0320036B6C2 /* ScrollView.swift in Sources */,
			);
			runOnlyForDeploymentPostprocessing = 0;
		};
/* End PBXSourcesBuildPhase section */

/* Begin PBXVariantGroup section */
		CEDE5B9A27CFDF7E0036B6C2 /* LaunchScreen.storyboard */ = {
			isa = PBXVariantGroup;
			children = (
				CEDE5B9B27CFDF7E0036B6C2 /* Base */,
			);
			name = LaunchScreen.storyboard;
			sourceTree = "<group>";
		};
/* End PBXVariantGroup section */

/* Begin XCBuildConfiguration section */
		CEDE5B9E27CFDF7E0036B6C2 /* Debug */ = {
			isa = XCBuildConfiguration;
			buildSettings = {
				ALWAYS_SEARCH_USER_PATHS = NO;
				CLANG_ANALYZER_NONNULL = YES;
				CLANG_ANALYZER_NUMBER_OBJECT_CONVERSION = YES_AGGRESSIVE;
				CLANG_CXX_LANGUAGE_STANDARD = "gnu++17";
				CLANG_CXX_LIBRARY = "libc++";
				CLANG_ENABLE_MODULES = YES;
				CLANG_ENABLE_OBJC_ARC = YES;
				CLANG_ENABLE_OBJC_WEAK = YES;
				CLANG_WARN_BLOCK_CAPTURE_AUTORELEASING = YES;
				CLANG_WARN_BOOL_CONVERSION = YES;
				CLANG_WARN_COMMA = YES;
				CLANG_WARN_CONSTANT_CONVERSION = YES;
				CLANG_WARN_DEPRECATED_OBJC_IMPLEMENTATIONS = YES;
				CLANG_WARN_DIRECT_OBJC_ISA_USAGE = YES_ERROR;
				CLANG_WARN_DOCUMENTATION_COMMENTS = YES;
				CLANG_WARN_EMPTY_BODY = YES;
				CLANG_WARN_ENUM_CONVERSION = YES;
				CLANG_WARN_INFINITE_RECURSION = YES;
				CLANG_WARN_INT_CONVERSION = YES;
				CLANG_WARN_NON_LITERAL_NULL_CONVERSION = YES;
				CLANG_WARN_OBJC_IMPLICIT_RETAIN_SELF = YES;
				CLANG_WARN_OBJC_LITERAL_CONVERSION = YES;
				CLANG_WARN_OBJC_ROOT_CLASS = YES_ERROR;
				CLANG_WARN_QUOTED_INCLUDE_IN_FRAMEWORK_HEADER = YES;
				CLANG_WARN_RANGE_LOOP_ANALYSIS = YES;
				CLANG_WARN_STRICT_PROTOTYPES = YES;
				CLANG_WARN_SUSPICIOUS_MOVE = YES;
				CLANG_WARN_UNGUARDED_AVAILABILITY = YES_AGGRESSIVE;
				CLANG_WARN_UNREACHABLE_CODE = YES;
				CLANG_WARN__DUPLICATE_METHOD_MATCH = YES;
				COPY_PHASE_STRIP = NO;
				DEBUG_INFORMATION_FORMAT = dwarf;
				ENABLE_STRICT_OBJC_MSGSEND = YES;
				ENABLE_TESTABILITY = YES;
				GCC_C_LANGUAGE_STANDARD = gnu11;
				GCC_DYNAMIC_NO_PIC = NO;
				GCC_NO_COMMON_BLOCKS = YES;
				GCC_OPTIMIZATION_LEVEL = 0;
				GCC_PREPROCESSOR_DEFINITIONS = (
					"DEBUG=1",
					"$(inherited)",
				);
				GCC_WARN_64_TO_32_BIT_CONVERSION = YES;
				GCC_WARN_ABOUT_RETURN_TYPE = YES_ERROR;
				GCC_WARN_UNDECLARED_SELECTOR = YES;
				GCC_WARN_UNINITIALIZED_AUTOS = YES_AGGRESSIVE;
				GCC_WARN_UNUSED_FUNCTION = YES;
				GCC_WARN_UNUSED_VARIABLE = YES;
				IPHONEOS_DEPLOYMENT_TARGET = 15.2;
				MTL_ENABLE_DEBUG_INFO = INCLUDE_SOURCE;
				MTL_FAST_MATH = YES;
				ONLY_ACTIVE_ARCH = YES;
				SDKROOT = iphoneos;
				SWIFT_ACTIVE_COMPILATION_CONDITIONS = DEBUG;
				SWIFT_OPTIMIZATION_LEVEL = "-Onone";
			};
			name = Debug;
		};
		CEDE5B9F27CFDF7E0036B6C2 /* Release */ = {
			isa = XCBuildConfiguration;
			buildSettings = {
				ALWAYS_SEARCH_USER_PATHS = NO;
				CLANG_ANALYZER_NONNULL = YES;
				CLANG_ANALYZER_NUMBER_OBJECT_CONVERSION = YES_AGGRESSIVE;
				CLANG_CXX_LANGUAGE_STANDARD = "gnu++17";
				CLANG_CXX_LIBRARY = "libc++";
				CLANG_ENABLE_MODULES = YES;
				CLANG_ENABLE_OBJC_ARC = YES;
				CLANG_ENABLE_OBJC_WEAK = YES;
				CLANG_WARN_BLOCK_CAPTURE_AUTORELEASING = YES;
				CLANG_WARN_BOOL_CONVERSION = YES;
				CLANG_WARN_COMMA = YES;
				CLANG_WARN_CONSTANT_CONVERSION = YES;
				CLANG_WARN_DEPRECATED_OBJC_IMPLEMENTATIONS = YES;
				CLANG_WARN_DIRECT_OBJC_ISA_USAGE = YES_ERROR;
				CLANG_WARN_DOCUMENTATION_COMMENTS = YES;
				CLANG_WARN_EMPTY_BODY = YES;
				CLANG_WARN_ENUM_CONVERSION = YES;
				CLANG_WARN_INFINITE_RECURSION = YES;
				CLANG_WARN_INT_CONVERSION = YES;
				CLANG_WARN_NON_LITERAL_NULL_CONVERSION = YES;
				CLANG_WARN_OBJC_IMPLICIT_RETAIN_SELF = YES;
				CLANG_WARN_OBJC_LITERAL_CONVERSION = YES;
				CLANG_WARN_OBJC_ROOT_CLASS = YES_ERROR;
				CLANG_WARN_QUOTED_INCLUDE_IN_FRAMEWORK_HEADER = YES;
				CLANG_WARN_RANGE_LOOP_ANALYSIS = YES;
				CLANG_WARN_STRICT_PROTOTYPES = YES;
				CLANG_WARN_SUSPICIOUS_MOVE = YES;
				CLANG_WARN_UNGUARDED_AVAILABILITY = YES_AGGRESSIVE;
				CLANG_WARN_UNREACHABLE_CODE = YES;
				CLANG_WARN__DUPLICATE_METHOD_MATCH = YES;
				COPY_PHASE_STRIP = NO;
				DEBUG_INFORMATION_FORMAT = "dwarf-with-dsym";
				ENABLE_NS_ASSERTIONS = NO;
				ENABLE_STRICT_OBJC_MSGSEND = YES;
				GCC_C_LANGUAGE_STANDARD = gnu11;
				GCC_NO_COMMON_BLOCKS = YES;
				GCC_WARN_64_TO_32_BIT_CONVERSION = YES;
				GCC_WARN_ABOUT_RETURN_TYPE = YES_ERROR;
				GCC_WARN_UNDECLARED_SELECTOR = YES;
				GCC_WARN_UNINITIALIZED_AUTOS = YES_AGGRESSIVE;
				GCC_WARN_UNUSED_FUNCTION = YES;
				GCC_WARN_UNUSED_VARIABLE = YES;
				IPHONEOS_DEPLOYMENT_TARGET = 15.2;
				MTL_ENABLE_DEBUG_INFO = NO;
				MTL_FAST_MATH = YES;
				SDKROOT = iphoneos;
				SWIFT_COMPILATION_MODE = wholemodule;
				SWIFT_OPTIMIZATION_LEVEL = "-O";
				VALIDATE_PRODUCT = YES;
			};
			name = Release;
		};
		CEDE5BA127CFDF7E0036B6C2 /* Debug */ = {
			isa = XCBuildConfiguration;
			baseConfigurationReference = 2DB99C238E922953AAE7DA26 /* Pods-DogBreeds.debug.xcconfig */;
			buildSettings = {
				ASSETCATALOG_COMPILER_APPICON_NAME = AppIcon;
				ASSETCATALOG_COMPILER_GLOBAL_ACCENT_COLOR_NAME = AccentColor;
				CODE_SIGN_STYLE = Automatic;
				CURRENT_PROJECT_VERSION = 1;
				DEVELOPMENT_TEAM = R32RNVFC97;
				GENERATE_INFOPLIST_FILE = YES;
				INFOPLIST_FILE = DogBreeds/Info.plist;
				INFOPLIST_KEY_UIApplicationSupportsIndirectInputEvents = YES;
				INFOPLIST_KEY_UILaunchStoryboardName = LaunchScreen;
				INFOPLIST_KEY_UISupportedInterfaceOrientations_iPad = "UIInterfaceOrientationPortrait UIInterfaceOrientationPortraitUpsideDown UIInterfaceOrientationLandscapeLeft UIInterfaceOrientationLandscapeRight";
				INFOPLIST_KEY_UISupportedInterfaceOrientations_iPhone = "UIInterfaceOrientationPortrait UIInterfaceOrientationLandscapeLeft UIInterfaceOrientationLandscapeRight";
				IPHONEOS_DEPLOYMENT_TARGET = 14.0;
				LD_RUNPATH_SEARCH_PATHS = (
					"$(inherited)",
					"@executable_path/Frameworks",
				);
				MARKETING_VERSION = 1.0;
				PRODUCT_BUNDLE_IDENTIFIER = denis.zhukoborsky.DogBreeds;
				PRODUCT_NAME = "$(TARGET_NAME)";
				SWIFT_EMIT_LOC_STRINGS = YES;
				SWIFT_VERSION = 5.0;
				TARGETED_DEVICE_FAMILY = 1;
			};
			name = Debug;
		};
		CEDE5BA227CFDF7E0036B6C2 /* Release */ = {
			isa = XCBuildConfiguration;
			baseConfigurationReference = EBB56409AF91871A16406780 /* Pods-DogBreeds.release.xcconfig */;
			buildSettings = {
				ASSETCATALOG_COMPILER_APPICON_NAME = AppIcon;
				ASSETCATALOG_COMPILER_GLOBAL_ACCENT_COLOR_NAME = AccentColor;
				CODE_SIGN_STYLE = Automatic;
				CURRENT_PROJECT_VERSION = 1;
				DEVELOPMENT_TEAM = R32RNVFC97;
				GENERATE_INFOPLIST_FILE = YES;
				INFOPLIST_FILE = DogBreeds/Info.plist;
				INFOPLIST_KEY_UIApplicationSupportsIndirectInputEvents = YES;
				INFOPLIST_KEY_UILaunchStoryboardName = LaunchScreen;
				INFOPLIST_KEY_UISupportedInterfaceOrientations_iPad = "UIInterfaceOrientationPortrait UIInterfaceOrientationPortraitUpsideDown UIInterfaceOrientationLandscapeLeft UIInterfaceOrientationLandscapeRight";
				INFOPLIST_KEY_UISupportedInterfaceOrientations_iPhone = "UIInterfaceOrientationPortrait UIInterfaceOrientationLandscapeLeft UIInterfaceOrientationLandscapeRight";
				IPHONEOS_DEPLOYMENT_TARGET = 14.0;
				LD_RUNPATH_SEARCH_PATHS = (
					"$(inherited)",
					"@executable_path/Frameworks",
				);
				MARKETING_VERSION = 1.0;
				PRODUCT_BUNDLE_IDENTIFIER = denis.zhukoborsky.DogBreeds;
				PRODUCT_NAME = "$(TARGET_NAME)";
				SWIFT_EMIT_LOC_STRINGS = YES;
				SWIFT_VERSION = 5.0;
				TARGETED_DEVICE_FAMILY = 1;
			};
			name = Release;
		};
/* End XCBuildConfiguration section */

/* Begin XCConfigurationList section */
		CEDE5B8727CFDF7B0036B6C2 /* Build configuration list for PBXProject "DogBreeds" */ = {
			isa = XCConfigurationList;
			buildConfigurations = (
				CEDE5B9E27CFDF7E0036B6C2 /* Debug */,
				CEDE5B9F27CFDF7E0036B6C2 /* Release */,
			);
			defaultConfigurationIsVisible = 0;
			defaultConfigurationName = Release;
		};
		CEDE5BA027CFDF7E0036B6C2 /* Build configuration list for PBXNativeTarget "DogBreeds" */ = {
			isa = XCConfigurationList;
			buildConfigurations = (
				CEDE5BA127CFDF7E0036B6C2 /* Debug */,
				CEDE5BA227CFDF7E0036B6C2 /* Release */,
			);
			defaultConfigurationIsVisible = 0;
			defaultConfigurationName = Release;
		};
/* End XCConfigurationList section */
	};
	rootObject = CEDE5B8427CFDF7B0036B6C2 /* Project object */;
}
